// !$*UTF8*$!
{
	archiveVersion = 1;
	classes = {
	};
	objectVersion = 55;
	objects = {

/* Begin PBXBuildFile section */
		C67DAF1B28EF0C0C00B7FC72 /* AppDelegate.swift in Sources */ = {isa = PBXBuildFile; fileRef = C67DAF1A28EF0C0C00B7FC72 /* AppDelegate.swift */; };
		C67DAF1D28EF0C0C00B7FC72 /* SceneDelegate.swift in Sources */ = {isa = PBXBuildFile; fileRef = C67DAF1C28EF0C0C00B7FC72 /* SceneDelegate.swift */; };
		C67DAF1F28EF0C0C00B7FC72 /* ViewController.swift in Sources */ = {isa = PBXBuildFile; fileRef = C67DAF1E28EF0C0C00B7FC72 /* ViewController.swift */; };
		C67DAF2228EF0C0C00B7FC72 /* Main.storyboard in Resources */ = {isa = PBXBuildFile; fileRef = C67DAF2028EF0C0C00B7FC72 /* Main.storyboard */; };
		C67DAF2428EF0C0F00B7FC72 /* Assets.xcassets in Resources */ = {isa = PBXBuildFile; fileRef = C67DAF2328EF0C0F00B7FC72 /* Assets.xcassets */; };
		C67DAF2728EF0C0F00B7FC72 /* LaunchScreen.storyboard in Resources */ = {isa = PBXBuildFile; fileRef = C67DAF2528EF0C0F00B7FC72 /* LaunchScreen.storyboard */; };
		C67DAF4B28EF100200B7FC72 /* SignupFormModelValidatorTests.swift in Sources */ = {isa = PBXBuildFile; fileRef = C67DAF4A28EF100200B7FC72 /* SignupFormModelValidatorTests.swift */; };
		C67DAF4D28EF11F500B7FC72 /* SignupFormModelValidator.swift in Sources */ = {isa = PBXBuildFile; fileRef = C67DAF4C28EF11F500B7FC72 /* SignupFormModelValidator.swift */; };
		C69BE0E428EF1F0000C51843 /* SignupConstants.swift in Sources */ = {isa = PBXBuildFile; fileRef = C69BE0E328EF1F0000C51843 /* SignupConstants.swift */; };
		C69BE0E628F061BA00C51843 /* SignupWebService.swift in Sources */ = {isa = PBXBuildFile; fileRef = C69BE0E528F061BA00C51843 /* SignupWebService.swift */; };
		C69BE0E828F063AB00C51843 /* SignupFormRequestModel.swift in Sources */ = {isa = PBXBuildFile; fileRef = C69BE0E728F063AB00C51843 /* SignupFormRequestModel.swift */; };
		C69BE0EA28F06A1400C51843 /* SignupResponseModel.swift in Sources */ = {isa = PBXBuildFile; fileRef = C69BE0E928F06A1400C51843 /* SignupResponseModel.swift */; };
		C69BE0EC28F06AEB00C51843 /* SignupError.swift in Sources */ = {isa = PBXBuildFile; fileRef = C69BE0EB28F06AEB00C51843 /* SignupError.swift */; };
		F54B9DAE28F01D2F001CEB26 /* SignupWebServiceTests.swift in Sources */ = {isa = PBXBuildFile; fileRef = F54B9DAD28F01D2F001CEB26 /* SignupWebServiceTests.swift */; };
		F57B9EC228F5616A00A9497F /* MockURLProtocol.swift in Sources */ = {isa = PBXBuildFile; fileRef = F57B9EC128F5616A00A9497F /* MockURLProtocol.swift */; };
/* End PBXBuildFile section */

/* Begin PBXContainerItemProxy section */
		C67DAF2E28EF0C0F00B7FC72 /* PBXContainerItemProxy */ = {
			isa = PBXContainerItemProxy;
			containerPortal = C67DAF0F28EF0C0C00B7FC72 /* Project object */;
			proxyType = 1;
			remoteGlobalIDString = C67DAF1628EF0C0C00B7FC72;
			remoteInfo = PhotoApp;
		};
/* End PBXContainerItemProxy section */

/* Begin PBXFileReference section */
		C67DAF1728EF0C0C00B7FC72 /* PhotoApp.app */ = {isa = PBXFileReference; explicitFileType = wrapper.application; includeInIndex = 0; path = PhotoApp.app; sourceTree = BUILT_PRODUCTS_DIR; };
		C67DAF1A28EF0C0C00B7FC72 /* AppDelegate.swift */ = {isa = PBXFileReference; lastKnownFileType = sourcecode.swift; path = AppDelegate.swift; sourceTree = "<group>"; };
		C67DAF1C28EF0C0C00B7FC72 /* SceneDelegate.swift */ = {isa = PBXFileReference; lastKnownFileType = sourcecode.swift; path = SceneDelegate.swift; sourceTree = "<group>"; };
		C67DAF1E28EF0C0C00B7FC72 /* ViewController.swift */ = {isa = PBXFileReference; lastKnownFileType = sourcecode.swift; path = ViewController.swift; sourceTree = "<group>"; };
		C67DAF2128EF0C0C00B7FC72 /* Base */ = {isa = PBXFileReference; lastKnownFileType = file.storyboard; name = Base; path = Base.lproj/Main.storyboard; sourceTree = "<group>"; };
		C67DAF2328EF0C0F00B7FC72 /* Assets.xcassets */ = {isa = PBXFileReference; lastKnownFileType = folder.assetcatalog; path = Assets.xcassets; sourceTree = "<group>"; };
		C67DAF2628EF0C0F00B7FC72 /* Base */ = {isa = PBXFileReference; lastKnownFileType = file.storyboard; name = Base; path = Base.lproj/LaunchScreen.storyboard; sourceTree = "<group>"; };
		C67DAF2828EF0C0F00B7FC72 /* Info.plist */ = {isa = PBXFileReference; lastKnownFileType = text.plist.xml; path = Info.plist; sourceTree = "<group>"; };
		C67DAF2D28EF0C0F00B7FC72 /* PhotoAppTests.xctest */ = {isa = PBXFileReference; explicitFileType = wrapper.cfbundle; includeInIndex = 0; path = PhotoAppTests.xctest; sourceTree = BUILT_PRODUCTS_DIR; };
		C67DAF4A28EF100200B7FC72 /* SignupFormModelValidatorTests.swift */ = {isa = PBXFileReference; lastKnownFileType = sourcecode.swift; path = SignupFormModelValidatorTests.swift; sourceTree = "<group>"; };
		C67DAF4C28EF11F500B7FC72 /* SignupFormModelValidator.swift */ = {isa = PBXFileReference; lastKnownFileType = sourcecode.swift; path = SignupFormModelValidator.swift; sourceTree = "<group>"; };
		C69BE0E328EF1F0000C51843 /* SignupConstants.swift */ = {isa = PBXFileReference; lastKnownFileType = sourcecode.swift; path = SignupConstants.swift; sourceTree = "<group>"; };
		C69BE0E528F061BA00C51843 /* SignupWebService.swift */ = {isa = PBXFileReference; lastKnownFileType = sourcecode.swift; path = SignupWebService.swift; sourceTree = "<group>"; };
		C69BE0E728F063AB00C51843 /* SignupFormRequestModel.swift */ = {isa = PBXFileReference; lastKnownFileType = sourcecode.swift; path = SignupFormRequestModel.swift; sourceTree = "<group>"; };
		C69BE0E928F06A1400C51843 /* SignupResponseModel.swift */ = {isa = PBXFileReference; lastKnownFileType = sourcecode.swift; path = SignupResponseModel.swift; sourceTree = "<group>"; };
		C69BE0EB28F06AEB00C51843 /* SignupError.swift */ = {isa = PBXFileReference; lastKnownFileType = sourcecode.swift; path = SignupError.swift; sourceTree = "<group>"; };
		F54B9DAD28F01D2F001CEB26 /* SignupWebServiceTests.swift */ = {isa = PBXFileReference; lastKnownFileType = sourcecode.swift; path = SignupWebServiceTests.swift; sourceTree = "<group>"; };
		F57B9EC128F5616A00A9497F /* MockURLProtocol.swift */ = {isa = PBXFileReference; lastKnownFileType = sourcecode.swift; path = MockURLProtocol.swift; sourceTree = "<group>"; };
/* End PBXFileReference section */

/* Begin PBXFrameworksBuildPhase section */
		C67DAF1428EF0C0C00B7FC72 /* Frameworks */ = {
			isa = PBXFrameworksBuildPhase;
			buildActionMask = 2147483647;
			files = (
			);
			runOnlyForDeploymentPostprocessing = 0;
		};
		C67DAF2A28EF0C0F00B7FC72 /* Frameworks */ = {
			isa = PBXFrameworksBuildPhase;
			buildActionMask = 2147483647;
			files = (
			);
			runOnlyForDeploymentPostprocessing = 0;
		};
/* End PBXFrameworksBuildPhase section */

/* Begin PBXGroup section */
		C67DAF0E28EF0C0C00B7FC72 = {
			isa = PBXGroup;
			children = (
				C67DAF1928EF0C0C00B7FC72 /* PhotoApp */,
				C67DAF3028EF0C0F00B7FC72 /* PhotoAppTests */,
				C67DAF1828EF0C0C00B7FC72 /* Products */,
			);
			sourceTree = "<group>";
		};
		C67DAF1828EF0C0C00B7FC72 /* Products */ = {
			isa = PBXGroup;
			children = (
				C67DAF1728EF0C0C00B7FC72 /* PhotoApp.app */,
				C67DAF2D28EF0C0F00B7FC72 /* PhotoAppTests.xctest */,
			);
			name = Products;
			sourceTree = "<group>";
		};
		C67DAF1928EF0C0C00B7FC72 /* PhotoApp */ = {
			isa = PBXGroup;
			children = (
				F57B9EBA28F5199100A9497F /* Signup */,
				C67DAF1A28EF0C0C00B7FC72 /* AppDelegate.swift */,
				C67DAF1C28EF0C0C00B7FC72 /* SceneDelegate.swift */,
				C67DAF2028EF0C0C00B7FC72 /* Main.storyboard */,
				C67DAF2328EF0C0F00B7FC72 /* Assets.xcassets */,
				C67DAF2528EF0C0F00B7FC72 /* LaunchScreen.storyboard */,
				C67DAF2828EF0C0F00B7FC72 /* Info.plist */,
			);
			path = PhotoApp;
			sourceTree = "<group>";
		};
		C67DAF3028EF0C0F00B7FC72 /* PhotoAppTests */ = {
			isa = PBXGroup;
			children = (
				F57B9EC028F560F200A9497F /* Signup */,
			);
			path = PhotoAppTests;
			sourceTree = "<group>";
		};
		F57B9EBA28F5199100A9497F /* Signup */ = {
			isa = PBXGroup;
			children = (
				F57B9EBD28F51A6200A9497F /* NetWork */,
				F57B9EBC28F51A2400A9497F /* Controllers */,
				F57B9EBB28F5199D00A9497F /* Models */,
			);
			path = Signup;
			sourceTree = "<group>";
		};
		F57B9EBB28F5199D00A9497F /* Models */ = {
			isa = PBXGroup;
			children = (
				C69BE0E328EF1F0000C51843 /* SignupConstants.swift */,
				C67DAF4C28EF11F500B7FC72 /* SignupFormModelValidator.swift */,
				C69BE0E728F063AB00C51843 /* SignupFormRequestModel.swift */,
				C69BE0E928F06A1400C51843 /* SignupResponseModel.swift */,
				C69BE0EB28F06AEB00C51843 /* SignupError.swift */,
			);
			path = Models;
			sourceTree = "<group>";
		};
		F57B9EBC28F51A2400A9497F /* Controllers */ = {
			isa = PBXGroup;
			children = (
				C67DAF1E28EF0C0C00B7FC72 /* ViewController.swift */,
			);
			path = Controllers;
			sourceTree = "<group>";
		};
		F57B9EBD28F51A6200A9497F /* NetWork */ = {
			isa = PBXGroup;
			children = (
				C69BE0E528F061BA00C51843 /* SignupWebService.swift */,
			);
			path = NetWork;
			sourceTree = "<group>";
		};
		F57B9EBE28F51AC600A9497F /* Models */ = {
			isa = PBXGroup;
			children = (
				C67DAF4A28EF100200B7FC72 /* SignupFormModelValidatorTests.swift */,
			);
			path = Models;
			sourceTree = "<group>";
		};
		F57B9EBF28F51ACF00A9497F /* NetWork */ = {
			isa = PBXGroup;
			children = (
				F54B9DAD28F01D2F001CEB26 /* SignupWebServiceTests.swift */,
			);
			path = NetWork;
			sourceTree = "<group>";
		};
		F57B9EC028F560F200A9497F /* Signup */ = {
			isa = PBXGroup;
			children = (
				F57B9EBF28F51ACF00A9497F /* NetWork */,
				F57B9EBE28F51AC600A9497F /* Models */,
				F57B9EC128F5616A00A9497F /* MockURLProtocol.swift */,
			);
			path = Signup;
			sourceTree = "<group>";
		};
/* End PBXGroup section */

/* Begin PBXNativeTarget section */
		C67DAF1628EF0C0C00B7FC72 /* PhotoApp */ = {
			isa = PBXNativeTarget;
			buildConfigurationList = C67DAF4128EF0C0F00B7FC72 /* Build configuration list for PBXNativeTarget "PhotoApp" */;
			buildPhases = (
				C67DAF1328EF0C0C00B7FC72 /* Sources */,
				C67DAF1428EF0C0C00B7FC72 /* Frameworks */,
				C67DAF1528EF0C0C00B7FC72 /* Resources */,
			);
			buildRules = (
			);
			dependencies = (
			);
			name = PhotoApp;
			productName = PhotoApp;
			productReference = C67DAF1728EF0C0C00B7FC72 /* PhotoApp.app */;
			productType = "com.apple.product-type.application";
		};
		C67DAF2C28EF0C0F00B7FC72 /* PhotoAppTests */ = {
			isa = PBXNativeTarget;
			buildConfigurationList = C67DAF4428EF0C0F00B7FC72 /* Build configuration list for PBXNativeTarget "PhotoAppTests" */;
			buildPhases = (
				C67DAF2928EF0C0F00B7FC72 /* Sources */,
				C67DAF2A28EF0C0F00B7FC72 /* Frameworks */,
				C67DAF2B28EF0C0F00B7FC72 /* Resources */,
			);
			buildRules = (
			);
			dependencies = (
				C67DAF2F28EF0C0F00B7FC72 /* PBXTargetDependency */,
			);
			name = PhotoAppTests;
			productName = PhotoAppTests;
			productReference = C67DAF2D28EF0C0F00B7FC72 /* PhotoAppTests.xctest */;
			productType = "com.apple.product-type.bundle.unit-test";
		};
/* End PBXNativeTarget section */

/* Begin PBXProject section */
		C67DAF0F28EF0C0C00B7FC72 /* Project object */ = {
			isa = PBXProject;
			attributes = {
				BuildIndependentTargetsInParallel = 1;
				LastSwiftUpdateCheck = 1340;
				LastUpgradeCheck = 1340;
				TargetAttributes = {
					C67DAF1628EF0C0C00B7FC72 = {
						CreatedOnToolsVersion = 13.4.1;
					};
					C67DAF2C28EF0C0F00B7FC72 = {
						CreatedOnToolsVersion = 13.4.1;
						LastSwiftMigration = 1340;
						TestTargetID = C67DAF1628EF0C0C00B7FC72;
					};
				};
			};
			buildConfigurationList = C67DAF1228EF0C0C00B7FC72 /* Build configuration list for PBXProject "PhotoApp" */;
			compatibilityVersion = "Xcode 13.0";
			developmentRegion = en;
			hasScannedForEncodings = 0;
			knownRegions = (
				en,
				Base,
			);
			mainGroup = C67DAF0E28EF0C0C00B7FC72;
			productRefGroup = C67DAF1828EF0C0C00B7FC72 /* Products */;
			projectDirPath = "";
			projectRoot = "";
			targets = (
				C67DAF1628EF0C0C00B7FC72 /* PhotoApp */,
				C67DAF2C28EF0C0F00B7FC72 /* PhotoAppTests */,
			);
		};
/* End PBXProject section */

/* Begin PBXResourcesBuildPhase section */
		C67DAF1528EF0C0C00B7FC72 /* Resources */ = {
			isa = PBXResourcesBuildPhase;
			buildActionMask = 2147483647;
			files = (
				C67DAF2728EF0C0F00B7FC72 /* LaunchScreen.storyboard in Resources */,
				C67DAF2428EF0C0F00B7FC72 /* Assets.xcassets in Resources */,
				C67DAF2228EF0C0C00B7FC72 /* Main.storyboard in Resources */,
			);
			runOnlyForDeploymentPostprocessing = 0;
		};
		C67DAF2B28EF0C0F00B7FC72 /* Resources */ = {
			isa = PBXResourcesBuildPhase;
			buildActionMask = 2147483647;
			files = (
			);
			runOnlyForDeploymentPostprocessing = 0;
		};
/* End PBXResourcesBuildPhase section */

/* Begin PBXSourcesBuildPhase section */
		C67DAF1328EF0C0C00B7FC72 /* Sources */ = {
			isa = PBXSourcesBuildPhase;
			buildActionMask = 2147483647;
			files = (
				C67DAF1F28EF0C0C00B7FC72 /* ViewController.swift in Sources */,
				C67DAF1B28EF0C0C00B7FC72 /* AppDelegate.swift in Sources */,
				C69BE0EA28F06A1400C51843 /* SignupResponseModel.swift in Sources */,
				C67DAF4D28EF11F500B7FC72 /* SignupFormModelValidator.swift in Sources */,
				C69BE0EC28F06AEB00C51843 /* SignupError.swift in Sources */,
				C69BE0E428EF1F0000C51843 /* SignupConstants.swift in Sources */,
				C69BE0E628F061BA00C51843 /* SignupWebService.swift in Sources */,
				C69BE0E828F063AB00C51843 /* SignupFormRequestModel.swift in Sources */,
				C67DAF1D28EF0C0C00B7FC72 /* SceneDelegate.swift in Sources */,
			);
			runOnlyForDeploymentPostprocessing = 0;
		};
		C67DAF2928EF0C0F00B7FC72 /* Sources */ = {
			isa = PBXSourcesBuildPhase;
			buildActionMask = 2147483647;
			files = (
				F57B9EC228F5616A00A9497F /* MockURLProtocol.swift in Sources */,
				F54B9DAE28F01D2F001CEB26 /* SignupWebServiceTests.swift in Sources */,
				C67DAF4B28EF100200B7FC72 /* SignupFormModelValidatorTests.swift in Sources */,
			);
			runOnlyForDeploymentPostprocessing = 0;
		};
/* End PBXSourcesBuildPhase section */

/* Begin PBXTargetDependency section */
		C67DAF2F28EF0C0F00B7FC72 /* PBXTargetDependency */ = {
			isa = PBXTargetDependency;
			target = C67DAF1628EF0C0C00B7FC72 /* PhotoApp */;
			targetProxy = C67DAF2E28EF0C0F00B7FC72 /* PBXContainerItemProxy */;
		};
/* End PBXTargetDependency section */

/* Begin PBXVariantGroup section */
		C67DAF2028EF0C0C00B7FC72 /* Main.storyboard */ = {
			isa = PBXVariantGroup;
			children = (
				C67DAF2128EF0C0C00B7FC72 /* Base */,
			);
			name = Main.storyboard;
			sourceTree = "<group>";
		};
		C67DAF2528EF0C0F00B7FC72 /* LaunchScreen.storyboard */ = {
			isa = PBXVariantGroup;
			children = (
				C67DAF2628EF0C0F00B7FC72 /* Base */,
			);
			name = LaunchScreen.storyboard;
			sourceTree = "<group>";
		};
/* End PBXVariantGroup section */

/* Begin XCBuildConfiguration section */
		C67DAF3F28EF0C0F00B7FC72 /* Debug */ = {
			isa = XCBuildConfiguration;
			buildSettings = {
				ALWAYS_SEARCH_USER_PATHS = NO;
				CLANG_ANALYZER_NONNULL = YES;
				CLANG_ANALYZER_NUMBER_OBJECT_CONVERSION = YES_AGGRESSIVE;
				CLANG_CXX_LANGUAGE_STANDARD = "gnu++17";
				CLANG_ENABLE_MODULES = YES;
				CLANG_ENABLE_OBJC_ARC = YES;
				CLANG_ENABLE_OBJC_WEAK = YES;
				CLANG_WARN_BLOCK_CAPTURE_AUTORELEASING = YES;
				CLANG_WARN_BOOL_CONVERSION = YES;
				CLANG_WARN_COMMA = YES;
				CLANG_WARN_CONSTANT_CONVERSION = YES;
				CLANG_WARN_DEPRECATED_OBJC_IMPLEMENTATIONS = YES;
				CLANG_WARN_DIRECT_OBJC_ISA_USAGE = YES_ERROR;
				CLANG_WARN_DOCUMENTATION_COMMENTS = YES;
				CLANG_WARN_EMPTY_BODY = YES;
				CLANG_WARN_ENUM_CONVERSION = YES;
				CLANG_WARN_INFINITE_RECURSION = YES;
				CLANG_WARN_INT_CONVERSION = YES;
				CLANG_WARN_NON_LITERAL_NULL_CONVERSION = YES;
				CLANG_WARN_OBJC_IMPLICIT_RETAIN_SELF = YES;
				CLANG_WARN_OBJC_LITERAL_CONVERSION = YES;
				CLANG_WARN_OBJC_ROOT_CLASS = YES_ERROR;
				CLANG_WARN_QUOTED_INCLUDE_IN_FRAMEWORK_HEADER = YES;
				CLANG_WARN_RANGE_LOOP_ANALYSIS = YES;
				CLANG_WARN_STRICT_PROTOTYPES = YES;
				CLANG_WARN_SUSPICIOUS_MOVE = YES;
				CLANG_WARN_UNGUARDED_AVAILABILITY = YES_AGGRESSIVE;
				CLANG_WARN_UNREACHABLE_CODE = YES;
				CLANG_WARN__DUPLICATE_METHOD_MATCH = YES;
				COPY_PHASE_STRIP = NO;
				DEBUG_INFORMATION_FORMAT = dwarf;
				ENABLE_STRICT_OBJC_MSGSEND = YES;
				ENABLE_TESTABILITY = YES;
				GCC_C_LANGUAGE_STANDARD = gnu11;
				GCC_DYNAMIC_NO_PIC = NO;
				GCC_NO_COMMON_BLOCKS = YES;
				GCC_OPTIMIZATION_LEVEL = 0;
				GCC_PREPROCESSOR_DEFINITIONS = (
					"DEBUG=1",
					"$(inherited)",
				);
				GCC_WARN_64_TO_32_BIT_CONVERSION = YES;
				GCC_WARN_ABOUT_RETURN_TYPE = YES_ERROR;
				GCC_WARN_UNDECLARED_SELECTOR = YES;
				GCC_WARN_UNINITIALIZED_AUTOS = YES_AGGRESSIVE;
				GCC_WARN_UNUSED_FUNCTION = YES;
				GCC_WARN_UNUSED_VARIABLE = YES;
				IPHONEOS_DEPLOYMENT_TARGET = 13.0;
				MTL_ENABLE_DEBUG_INFO = INCLUDE_SOURCE;
				MTL_FAST_MATH = YES;
				ONLY_ACTIVE_ARCH = YES;
				SDKROOT = iphoneos;
				SWIFT_ACTIVE_COMPILATION_CONDITIONS = DEBUG;
				SWIFT_OPTIMIZATION_LEVEL = "-Onone";
			};
			name = Debug;
		};
		C67DAF4028EF0C0F00B7FC72 /* Release */ = {
			isa = XCBuildConfiguration;
			buildSettings = {
				ALWAYS_SEARCH_USER_PATHS = NO;
				CLANG_ANALYZER_NONNULL = YES;
				CLANG_ANALYZER_NUMBER_OBJECT_CONVERSION = YES_AGGRESSIVE;
				CLANG_CXX_LANGUAGE_STANDARD = "gnu++17";
				CLANG_ENABLE_MODULES = YES;
				CLANG_ENABLE_OBJC_ARC = YES;
				CLANG_ENABLE_OBJC_WEAK = YES;
				CLANG_WARN_BLOCK_CAPTURE_AUTORELEASING = YES;
				CLANG_WARN_BOOL_CONVERSION = YES;
				CLANG_WARN_COMMA = YES;
				CLANG_WARN_CONSTANT_CONVERSION = YES;
				CLANG_WARN_DEPRECATED_OBJC_IMPLEMENTATIONS = YES;
				CLANG_WARN_DIRECT_OBJC_ISA_USAGE = YES_ERROR;
				CLANG_WARN_DOCUMENTATION_COMMENTS = YES;
				CLANG_WARN_EMPTY_BODY = YES;
				CLANG_WARN_ENUM_CONVERSION = YES;
				CLANG_WARN_INFINITE_RECURSION = YES;
				CLANG_WARN_INT_CONVERSION = YES;
				CLANG_WARN_NON_LITERAL_NULL_CONVERSION = YES;
				CLANG_WARN_OBJC_IMPLICIT_RETAIN_SELF = YES;
				CLANG_WARN_OBJC_LITERAL_CONVERSION = YES;
				CLANG_WARN_OBJC_ROOT_CLASS = YES_ERROR;
				CLANG_WARN_QUOTED_INCLUDE_IN_FRAMEWORK_HEADER = YES;
				CLANG_WARN_RANGE_LOOP_ANALYSIS = YES;
				CLANG_WARN_STRICT_PROTOTYPES = YES;
				CLANG_WARN_SUSPICIOUS_MOVE = YES;
				CLANG_WARN_UNGUARDED_AVAILABILITY = YES_AGGRESSIVE;
				CLANG_WARN_UNREACHABLE_CODE = YES;
				CLANG_WARN__DUPLICATE_METHOD_MATCH = YES;
				COPY_PHASE_STRIP = NO;
				DEBUG_INFORMATION_FORMAT = "dwarf-with-dsym";
				ENABLE_NS_ASSERTIONS = NO;
				ENABLE_STRICT_OBJC_MSGSEND = YES;
				GCC_C_LANGUAGE_STANDARD = gnu11;
				GCC_NO_COMMON_BLOCKS = YES;
				GCC_WARN_64_TO_32_BIT_CONVERSION = YES;
				GCC_WARN_ABOUT_RETURN_TYPE = YES_ERROR;
				GCC_WARN_UNDECLARED_SELECTOR = YES;
				GCC_WARN_UNINITIALIZED_AUTOS = YES_AGGRESSIVE;
				GCC_WARN_UNUSED_FUNCTION = YES;
				GCC_WARN_UNUSED_VARIABLE = YES;
				IPHONEOS_DEPLOYMENT_TARGET = 13.0;
				MTL_ENABLE_DEBUG_INFO = NO;
				MTL_FAST_MATH = YES;
				SDKROOT = iphoneos;
				SWIFT_COMPILATION_MODE = wholemodule;
				SWIFT_OPTIMIZATION_LEVEL = "-O";
				VALIDATE_PRODUCT = YES;
			};
			name = Release;
		};
		C67DAF4228EF0C0F00B7FC72 /* Debug */ = {
			isa = XCBuildConfiguration;
			buildSettings = {
				ASSETCATALOG_COMPILER_APPICON_NAME = AppIcon;
				ASSETCATALOG_COMPILER_GLOBAL_ACCENT_COLOR_NAME = AccentColor;
				CODE_SIGN_STYLE = Automatic;
				CURRENT_PROJECT_VERSION = 1;
				DEVELOPMENT_TEAM = H23U829MKV;
				GENERATE_INFOPLIST_FILE = YES;
				INFOPLIST_FILE = PhotoApp/Info.plist;
				INFOPLIST_KEY_UIApplicationSupportsIndirectInputEvents = YES;
				INFOPLIST_KEY_UILaunchStoryboardName = LaunchScreen;
				INFOPLIST_KEY_UIMainStoryboardFile = Main;
				INFOPLIST_KEY_UISupportedInterfaceOrientations_iPad = "UIInterfaceOrientationPortrait UIInterfaceOrientationPortraitUpsideDown UIInterfaceOrientationLandscapeLeft UIInterfaceOrientationLandscapeRight";
				INFOPLIST_KEY_UISupportedInterfaceOrientations_iPhone = "UIInterfaceOrientationPortrait UIInterfaceOrientationLandscapeLeft UIInterfaceOrientationLandscapeRight";
				IPHONEOS_DEPLOYMENT_TARGET = 13.0;
				LD_RUNPATH_SEARCH_PATHS = (
					"$(inherited)",
					"@executable_path/Frameworks",
				);
				MARKETING_VERSION = 1.0;
				PRODUCT_BUNDLE_IDENTIFIER = com.yusheng.PhotoApp;
				PRODUCT_NAME = "$(TARGET_NAME)";
				SWIFT_EMIT_LOC_STRINGS = YES;
				SWIFT_VERSION = 5.0;
				TARGETED_DEVICE_FAMILY = "1,2";
			};
			name = Debug;
		};
		C67DAF4328EF0C0F00B7FC72 /* Release */ = {
			isa = XCBuildConfiguration;
			buildSettings = {
				ASSETCATALOG_COMPILER_APPICON_NAME = AppIcon;
				ASSETCATALOG_COMPILER_GLOBAL_ACCENT_COLOR_NAME = AccentColor;
				CODE_SIGN_STYLE = Automatic;
				CURRENT_PROJECT_VERSION = 1;
				DEVELOPMENT_TEAM = H23U829MKV;
				GENERATE_INFOPLIST_FILE = YES;
				INFOPLIST_FILE = PhotoApp/Info.plist;
				INFOPLIST_KEY_UIApplicationSupportsIndirectInputEvents = YES;
				INFOPLIST_KEY_UILaunchStoryboardName = LaunchScreen;
				INFOPLIST_KEY_UIMainStoryboardFile = Main;
				INFOPLIST_KEY_UISupportedInterfaceOrientations_iPad = "UIInterfaceOrientationPortrait UIInterfaceOrientationPortraitUpsideDown UIInterfaceOrientationLandscapeLeft UIInterfaceOrientationLandscapeRight";
				INFOPLIST_KEY_UISupportedInterfaceOrientations_iPhone = "UIInterfaceOrientationPortrait UIInterfaceOrientationLandscapeLeft UIInterfaceOrientationLandscapeRight";
				IPHONEOS_DEPLOYMENT_TARGET = 13.0;
				LD_RUNPATH_SEARCH_PATHS = (
					"$(inherited)",
					"@executable_path/Frameworks",
				);
				MARKETING_VERSION = 1.0;
				PRODUCT_BUNDLE_IDENTIFIER = com.yusheng.PhotoApp;
				PRODUCT_NAME = "$(TARGET_NAME)";
				SWIFT_EMIT_LOC_STRINGS = YES;
				SWIFT_VERSION = 5.0;
				TARGETED_DEVICE_FAMILY = "1,2";
			};
			name = Release;
		};
		C67DAF4528EF0C0F00B7FC72 /* Debug */ = {
			isa = XCBuildConfiguration;
			buildSettings = {
				ALWAYS_EMBED_SWIFT_STANDARD_LIBRARIES = YES;
				BUNDLE_LOADER = "$(TEST_HOST)";
				CLANG_ENABLE_MODULES = YES;
				CODE_SIGN_STYLE = Automatic;
				CURRENT_PROJECT_VERSION = 1;
				DEVELOPMENT_TEAM = H23U829MKV;
				GENERATE_INFOPLIST_FILE = YES;
				IPHONEOS_DEPLOYMENT_TARGET = 13.0;
				LD_RUNPATH_SEARCH_PATHS = (
					"$(inherited)",
					"@executable_path/Frameworks",
					"@loader_path/Frameworks",
				);
				MARKETING_VERSION = 1.0;
				PRODUCT_BUNDLE_IDENTIFIER = com.yusheng.PhotoAppTests;
				PRODUCT_NAME = "$(TARGET_NAME)";
				SWIFT_EMIT_LOC_STRINGS = NO;
				SWIFT_OPTIMIZATION_LEVEL = "-Onone";
				SWIFT_VERSION = 5.0;
				TARGETED_DEVICE_FAMILY = "1,2";
				TEST_HOST = "$(BUILT_PRODUCTS_DIR)/PhotoApp.app/PhotoApp";
			};
			name = Debug;
		};
		C67DAF4628EF0C0F00B7FC72 /* Release */ = {
			isa = XCBuildConfiguration;
			buildSettings = {
				ALWAYS_EMBED_SWIFT_STANDARD_LIBRARIES = YES;
				BUNDLE_LOADER = "$(TEST_HOST)";
				CLANG_ENABLE_MODULES = YES;
				CODE_SIGN_STYLE = Automatic;
				CURRENT_PROJECT_VERSION = 1;
				DEVELOPMENT_TEAM = H23U829MKV;
				GENERATE_INFOPLIST_FILE = YES;
				IPHONEOS_DEPLOYMENT_TARGET = 13.0;
				LD_RUNPATH_SEARCH_PATHS = (
					"$(inherited)",
					"@executable_path/Frameworks",
					"@loader_path/Frameworks",
				);
				MARKETING_VERSION = 1.0;
				PRODUCT_BUNDLE_IDENTIFIER = com.yusheng.PhotoAppTests;
				PRODUCT_NAME = "$(TARGET_NAME)";
				SWIFT_EMIT_LOC_STRINGS = NO;
				SWIFT_VERSION = 5.0;
				TARGETED_DEVICE_FAMILY = "1,2";
				TEST_HOST = "$(BUILT_PRODUCTS_DIR)/PhotoApp.app/PhotoApp";
			};
			name = Release;
		};
/* End XCBuildConfiguration section */

/* Begin XCConfigurationList section */
		C67DAF1228EF0C0C00B7FC72 /* Build configuration list for PBXProject "PhotoApp" */ = {
			isa = XCConfigurationList;
			buildConfigurations = (
				C67DAF3F28EF0C0F00B7FC72 /* Debug */,
				C67DAF4028EF0C0F00B7FC72 /* Release */,
			);
			defaultConfigurationIsVisible = 0;
			defaultConfigurationName = Release;
		};
		C67DAF4128EF0C0F00B7FC72 /* Build configuration list for PBXNativeTarget "PhotoApp" */ = {
			isa = XCConfigurationList;
			buildConfigurations = (
				C67DAF4228EF0C0F00B7FC72 /* Debug */,
				C67DAF4328EF0C0F00B7FC72 /* Release */,
			);
			defaultConfigurationIsVisible = 0;
			defaultConfigurationName = Release;
		};
		C67DAF4428EF0C0F00B7FC72 /* Build configuration list for PBXNativeTarget "PhotoAppTests" */ = {
			isa = XCConfigurationList;
			buildConfigurations = (
				C67DAF4528EF0C0F00B7FC72 /* Debug */,
				C67DAF4628EF0C0F00B7FC72 /* Release */,
			);
			defaultConfigurationIsVisible = 0;
			defaultConfigurationName = Release;
		};
/* End XCConfigurationList section */
	};
	rootObject = C67DAF0F28EF0C0C00B7FC72 /* Project object */;
}
